
Microsoft Visual Studio Solution File, Format Version 12.00
# Visual Studio Version 16
VisualStudioVersion = 16.0.29409.12
MinimumVisualStudioVersion = 10.0.40219.1
Project("{FAE04EC0-301F-11D3-BF4B-00C04F79EFBC}") = "xApp.Android", "xApp\xApp.Android\xApp.Android.csproj", "{AA7FB7CD-F812-4015-A588-D96CF335F99F}"
EndProject
Project("{FAE04EC0-301F-11D3-BF4B-00C04F79EFBC}") = "xApp", "xApp\xApp\xApp.csproj", "{2CC01619-E061-4EAE-95D3-61F66F78D8ED}"
EndProject
Global
	GlobalSection(SolutionConfigurationPlatforms) = preSolution
		Debug|Any CPU = Debug|Any CPU
		Release|Any CPU = Release|Any CPU
	EndGlobalSection
	GlobalSection(ProjectConfigurationPlatforms) = postSolution
		{AA7FB7CD-F812-4015-A588-D96CF335F99F}.Debug|Any CPU.ActiveCfg = Debug|Any CPU
		{AA7FB7CD-F812-4015-A588-D96CF335F99F}.Debug|Any CPU.Build.0 = Debug|Any CPU
		{AA7FB7CD-F812-4015-A588-D96CF335F99F}.Debug|Any CPU.Deploy.0 = Debug|Any CPU
		{AA7FB7CD-F812-4015-A588-D96CF335F99F}.Release|Any CPU.ActiveCfg = Release|Any CPU
		{AA7FB7CD-F812-4015-A588-D96CF335F99F}.Release|Any CPU.Build.0 = Release|Any CPU
		{AA7FB7CD-F812-4015-A588-D96CF335F99F}.Release|Any CPU.Deploy.0 = Release|Any CPU
		{2CC01619-E061-4EAE-95D3-61F66F78D8ED}.Debug|Any CPU.ActiveCfg = Debug|Any CPU
		{2CC01619-E061-4EAE-95D3-61F66F78D8ED}.Debug|Any CPU.Build.0 = Debug|Any CPU
		{2CC01619-E061-4EAE-95D3-61F66F78D8ED}.Debug|Any CPU.Deploy.0 = Debug|Any CPU
		{2CC01619-E061-4EAE-95D3-61F66F78D8ED}.Release|Any CPU.ActiveCfg = Release|Any CPU
		{2CC01619-E061-4EAE-95D3-61F66F78D8ED}.Release|Any CPU.Build.0 = Release|Any CPU
		{2CC01619-E061-4EAE-95D3-61F66F78D8ED}.Release|Any CPU.Deploy.0 = Release|Any CPU
	EndGlobalSection
	GlobalSection(SolutionProperties) = preSolution
		HideSolutionNode = FALSE
	EndGlobalSection
	GlobalSection(ExtensibilityGlobals) = postSolution
		SolutionGuid = {E45460CC-B822-4029-9855-D5069DAE1EAB}
	EndGlobalSection
EndGlobal
